
Microsoft Visual Studio Solution File, Format Version 12.00
Project("{FAE04EC0-301F-11D3-BF4B-00C04F79EFBC}") = "Api", "Api\Api.csproj", "{6AB2C860-DAB8-4C80-B4E3-FA6A86675AF2}"
EndProject
Project("{FAE04EC0-301F-11D3-BF4B-00C04F79EFBC}") = "Application", "Application\Application.csproj", "{D0A2A68B-DAF8-4D80-9CE8-F5EDBAF195FE}"
EndProject
Project("{FAE04EC0-301F-11D3-BF4B-00C04F79EFBC}") = "Infrastructure", "Infrastructure\Infrastructure.csproj", "{A5CECC0C-440B-480C-A28D-06DA613B526C}"
EndProject
Global
	GlobalSection(SolutionConfigurationPlatforms) = preSolution
		Debug|Any CPU = Debug|Any CPU
		Release|Any CPU = Release|Any CPU
	EndGlobalSection
	GlobalSection(ProjectConfigurationPlatforms) = postSolution
		{6AB2C860-DAB8-4C80-B4E3-FA6A86675AF2}.Debug|Any CPU.ActiveCfg = Debug|Any CPU
		{6AB2C860-DAB8-4C80-B4E3-FA6A86675AF2}.Debug|Any CPU.Build.0 = Debug|Any CPU
		{6AB2C860-DAB8-4C80-B4E3-FA6A86675AF2}.Release|Any CPU.ActiveCfg = Release|Any CPU
		{6AB2C860-DAB8-4C80-B4E3-FA6A86675AF2}.Release|Any CPU.Build.0 = Release|Any CPU
		{D0A2A68B-DAF8-4D80-9CE8-F5EDBAF195FE}.Debug|Any CPU.ActiveCfg = Debug|Any CPU
		{D0A2A68B-DAF8-4D80-9CE8-F5EDBAF195FE}.Debug|Any CPU.Build.0 = Debug|Any CPU
		{D0A2A68B-DAF8-4D80-9CE8-F5EDBAF195FE}.Release|Any CPU.ActiveCfg = Release|Any CPU
		{D0A2A68B-DAF8-4D80-9CE8-F5EDBAF195FE}.Release|Any CPU.Build.0 = Release|Any CPU
		{A5CECC0C-440B-480C-A28D-06DA613B526C}.Debug|Any CPU.ActiveCfg = Debug|Any CPU
		{A5CECC0C-440B-480C-A28D-06DA613B526C}.Debug|Any CPU.Build.0 = Debug|Any CPU
		{A5CECC0C-440B-480C-A28D-06DA613B526C}.Release|Any CPU.ActiveCfg = Release|Any CPU
		{A5CECC0C-440B-480C-A28D-06DA613B526C}.Release|Any CPU.Build.0 = Release|Any CPU
	EndGlobalSection
EndGlobal
